
Microsoft Visual Studio Solution File, Format Version 12.00
# Visual Studio Version 16
VisualStudioVersion = 16.0.29519.87
MinimumVisualStudioVersion = 10.0.40219.1
Project("{FAE04EC0-301F-11D3-BF4B-00C04F79EFBC}") = "DevelopmentSystemsTest", "DevelopmentSystemsTest\DevelopmentSystemsTest.csproj", "{6EA21662-1BD9-4380-B45E-10BADFA9ACCC}"
EndProject
Global
	GlobalSection(SolutionConfigurationPlatforms) = preSolution
		Debug|Any CPU = Debug|Any CPU
		Release|Any CPU = Release|Any CPU
	EndGlobalSection
	GlobalSection(ProjectConfigurationPlatforms) = postSolution
		{6EA21662-1BD9-4380-B45E-10BADFA9ACCC}.Debug|Any CPU.ActiveCfg = Debug|Any CPU
		{6EA21662-1BD9-4380-B45E-10BADFA9ACCC}.Debug|Any CPU.Build.0 = Debug|Any CPU
		{6EA21662-1BD9-4380-B45E-10BADFA9ACCC}.Release|Any CPU.ActiveCfg = Release|Any CPU
		{6EA21662-1BD9-4380-B45E-10BADFA9ACCC}.Release|Any CPU.Build.0 = Release|Any CPU
	EndGlobalSection
	GlobalSection(SolutionProperties) = preSolution
		HideSolutionNode = FALSE
	EndGlobalSection
	GlobalSection(ExtensibilityGlobals) = postSolution
		SolutionGuid = {65C1FEF2-9CD5-4F0D-8A52-E992D2CC8FC5}
	EndGlobalSection
EndGlobal
